
Microsoft Visual Studio Solution File, Format Version 12.00
# Visual Studio Version 16
VisualStudioVersion = 16.0.30804.86
MinimumVisualStudioVersion = 10.0.40219.1
Project("{2150E333-8FDC-42A3-9474-1A3956D46DE8}") = "src", "src", "{882F5E31-790E-41A7-A04D-80D1FC703049}"
EndProject
Project("{2150E333-8FDC-42A3-9474-1A3956D46DE8}") = "1 - Application", "1 - Application", "{A27652C9-FB29-4028-BCD2-C019EEF26F03}"
EndProject
Project("{2150E333-8FDC-42A3-9474-1A3956D46DE8}") = "2 - Domain", "2 - Domain", "{1A7A29E0-A330-4F42-93E1-C52A7064E50D}"
EndProject
Project("{2150E333-8FDC-42A3-9474-1A3956D46DE8}") = "3 - Service", "3 - Service", "{DCD23819-3B43-43AA-95E1-F1EC1D98970E}"
EndProject
Project("{2150E333-8FDC-42A3-9474-1A3956D46DE8}") = "4 - Infra", "4 - Infra", "{CCD07E2C-92FD-42F2-88D9-EC5779E6D94A}"
EndProject
Project("{2150E333-8FDC-42A3-9474-1A3956D46DE8}") = "4.1 - Data", "4.1 - Data", "{254502CB-0AF5-4BFE-8105-A18D46032284}"
EndProject
Project("{2150E333-8FDC-42A3-9474-1A3956D46DE8}") = "4.2 - CrossCutting", "4.2 - CrossCutting", "{D390A479-3351-47C5-8F48-51A94EF1B8EE}"
EndProject
Project("{FAE04EC0-301F-11D3-BF4B-00C04F79EFBC}") = "Project.Application", "src\Project.Application\Project.Application.csproj", "{403ED9E9-679A-4175-96F4-BFC212F3F75C}"
EndProject
Project("{FAE04EC0-301F-11D3-BF4B-00C04F79EFBC}") = "Project.Domain", "src\Project.Domain\Project.Domain.csproj", "{0A50D7AD-E3A3-4858-858F-AA5C2DCDB32E}"
EndProject
Project("{FAE04EC0-301F-11D3-BF4B-00C04F79EFBC}") = "Project.Service", "src\Project.Service\Project.Service.csproj", "{F646A300-8707-4F29-A55B-713C36D5AF62}"
EndProject
Project("{FAE04EC0-301F-11D3-BF4B-00C04F79EFBC}") = "Project.Infra.Data", "src\Project.Infra.Data\Project.Infra.Data.csproj", "{00DE95CD-8EFD-425A-9D6D-007B40A749FF}"
EndProject
Project("{FAE04EC0-301F-11D3-BF4B-00C04F79EFBC}") = "Project.Infra.CrossCutting", "src\Project.Infra.CrossCutting\Project.Infra.CrossCutting.csproj", "{BF7A2F83-1B63-4D34-9DA9-D0602EE89C63}"
EndProject
Project("{2150E333-8FDC-42A3-9474-1A3956D46DE8}") = "4.3 - Shared", "4.3 - Shared", "{E860CF99-59E1-41FE-A474-E1866ADA56BF}"
EndProject
Project("{FAE04EC0-301F-11D3-BF4B-00C04F79EFBC}") = "Infra.Shared", "src\Infra.Shared\Infra.Shared.csproj", "{5E39C76F-56B8-48EC-B8C8-DDF23B24B6B0}"
EndProject
Project("{2150E333-8FDC-42A3-9474-1A3956D46DE8}") = "test", "test", "{38C45C3F-2678-4863-84A6-E0D9812B5B7E}"
EndProject
Global
	GlobalSection(SolutionConfigurationPlatforms) = preSolution
		Debug|Any CPU = Debug|Any CPU
		Release|Any CPU = Release|Any CPU
	EndGlobalSection
	GlobalSection(ProjectConfigurationPlatforms) = postSolution
		{403ED9E9-679A-4175-96F4-BFC212F3F75C}.Debug|Any CPU.ActiveCfg = Debug|Any CPU
		{403ED9E9-679A-4175-96F4-BFC212F3F75C}.Debug|Any CPU.Build.0 = Debug|Any CPU
		{403ED9E9-679A-4175-96F4-BFC212F3F75C}.Release|Any CPU.ActiveCfg = Release|Any CPU
		{403ED9E9-679A-4175-96F4-BFC212F3F75C}.Release|Any CPU.Build.0 = Release|Any CPU
		{0A50D7AD-E3A3-4858-858F-AA5C2DCDB32E}.Debug|Any CPU.ActiveCfg = Debug|Any CPU
		{0A50D7AD-E3A3-4858-858F-AA5C2DCDB32E}.Debug|Any CPU.Build.0 = Debug|Any CPU
		{0A50D7AD-E3A3-4858-858F-AA5C2DCDB32E}.Release|Any CPU.ActiveCfg = Release|Any CPU
		{0A50D7AD-E3A3-4858-858F-AA5C2DCDB32E}.Release|Any CPU.Build.0 = Release|Any CPU
		{F646A300-8707-4F29-A55B-713C36D5AF62}.Debug|Any CPU.ActiveCfg = Debug|Any CPU
		{F646A300-8707-4F29-A55B-713C36D5AF62}.Debug|Any CPU.Build.0 = Debug|Any CPU
		{F646A300-8707-4F29-A55B-713C36D5AF62}.Release|Any CPU.ActiveCfg = Release|Any CPU
		{F646A300-8707-4F29-A55B-713C36D5AF62}.Release|Any CPU.Build.0 = Release|Any CPU
		{00DE95CD-8EFD-425A-9D6D-007B40A749FF}.Debug|Any CPU.ActiveCfg = Debug|Any CPU
		{00DE95CD-8EFD-425A-9D6D-007B40A749FF}.Debug|Any CPU.Build.0 = Debug|Any CPU
		{00DE95CD-8EFD-425A-9D6D-007B40A749FF}.Release|Any CPU.ActiveCfg = Release|Any CPU
		{00DE95CD-8EFD-425A-9D6D-007B40A749FF}.Release|Any CPU.Build.0 = Release|Any CPU
		{BF7A2F83-1B63-4D34-9DA9-D0602EE89C63}.Debug|Any CPU.ActiveCfg = Debug|Any CPU
		{BF7A2F83-1B63-4D34-9DA9-D0602EE89C63}.Debug|Any CPU.Build.0 = Debug|Any CPU
		{BF7A2F83-1B63-4D34-9DA9-D0602EE89C63}.Release|Any CPU.ActiveCfg = Release|Any CPU
		{BF7A2F83-1B63-4D34-9DA9-D0602EE89C63}.Release|Any CPU.Build.0 = Release|Any CPU
		{5E39C76F-56B8-48EC-B8C8-DDF23B24B6B0}.Debug|Any CPU.ActiveCfg = Debug|Any CPU
		{5E39C76F-56B8-48EC-B8C8-DDF23B24B6B0}.Debug|Any CPU.Build.0 = Debug|Any CPU
		{5E39C76F-56B8-48EC-B8C8-DDF23B24B6B0}.Release|Any CPU.ActiveCfg = Release|Any CPU
		{5E39C76F-56B8-48EC-B8C8-DDF23B24B6B0}.Release|Any CPU.Build.0 = Release|Any CPU
	EndGlobalSection
	GlobalSection(SolutionProperties) = preSolution
		HideSolutionNode = FALSE
	EndGlobalSection
	GlobalSection(NestedProjects) = preSolution
		{A27652C9-FB29-4028-BCD2-C019EEF26F03} = {882F5E31-790E-41A7-A04D-80D1FC703049}
		{1A7A29E0-A330-4F42-93E1-C52A7064E50D} = {882F5E31-790E-41A7-A04D-80D1FC703049}
		{DCD23819-3B43-43AA-95E1-F1EC1D98970E} = {882F5E31-790E-41A7-A04D-80D1FC703049}
		{CCD07E2C-92FD-42F2-88D9-EC5779E6D94A} = {882F5E31-790E-41A7-A04D-80D1FC703049}
		{254502CB-0AF5-4BFE-8105-A18D46032284} = {CCD07E2C-92FD-42F2-88D9-EC5779E6D94A}
		{D390A479-3351-47C5-8F48-51A94EF1B8EE} = {CCD07E2C-92FD-42F2-88D9-EC5779E6D94A}
		{403ED9E9-679A-4175-96F4-BFC212F3F75C} = {A27652C9-FB29-4028-BCD2-C019EEF26F03}
		{0A50D7AD-E3A3-4858-858F-AA5C2DCDB32E} = {1A7A29E0-A330-4F42-93E1-C52A7064E50D}
		{F646A300-8707-4F29-A55B-713C36D5AF62} = {DCD23819-3B43-43AA-95E1-F1EC1D98970E}
		{00DE95CD-8EFD-425A-9D6D-007B40A749FF} = {254502CB-0AF5-4BFE-8105-A18D46032284}
		{BF7A2F83-1B63-4D34-9DA9-D0602EE89C63} = {D390A479-3351-47C5-8F48-51A94EF1B8EE}
		{E860CF99-59E1-41FE-A474-E1866ADA56BF} = {CCD07E2C-92FD-42F2-88D9-EC5779E6D94A}
		{5E39C76F-56B8-48EC-B8C8-DDF23B24B6B0} = {E860CF99-59E1-41FE-A474-E1866ADA56BF}
	EndGlobalSection
	GlobalSection(ExtensibilityGlobals) = postSolution
		SolutionGuid = {248C13B7-2D2C-4B49-8B16-7456E517FD52}
	EndGlobalSection
EndGlobal
